
Microsoft Visual Studio Solution File, Format Version 12.00
Project("{FAE04EC0-301F-11D3-BF4B-00C04F79EFBC}") = "LibraryEcom.API", "LibraryEcom.API\LibraryEcom.API.csproj", "{E84E2F4C-E81E-40B7-BFC9-F197004A8C80}"
EndProject
Project("{2150E333-8FDC-42A3-9474-1A3956D46DE8}") = "src", "src", "{A992957A-79B0-4E3C-982D-2B922C01E22C}"
EndProject
Project("{2150E333-8FDC-42A3-9474-1A3956D46DE8}") = "API", "API", "{ED28BBE4-DC71-4A76-B416-17D5C553ECDC}"
EndProject
Project("{2150E333-8FDC-42A3-9474-1A3956D46DE8}") = "Core", "Core", "{FDA9ACE9-9313-4328-A20A-42699802008F}"
EndProject
Project("{2150E333-8FDC-42A3-9474-1A3956D46DE8}") = "Migrators", "Migrators", "{A2A492A0-D519-460D-992F-ECF177B36323}"
EndProject
Project("{2150E333-8FDC-42A3-9474-1A3956D46DE8}") = "Infrastructure", "Infrastructure", "{F30E57ED-AC77-414D-98FF-9E06B212B9FB}"
EndProject
Project("{FAE04EC0-301F-11D3-BF4B-00C04F79EFBC}") = "LibraryEcom.Application", "LibraryEcom.Application\LibraryEcom.Application.csproj", "{98588F29-F510-4884-AD08-9DE92DEA06D0}"
EndProject
Project("{FAE04EC0-301F-11D3-BF4B-00C04F79EFBC}") = "LibraryEcom.Domain", "LibraryEcom.Domain\LibraryEcom.Domain.csproj", "{23977870-DE44-40A8-88D7-34E351C56F53}"
EndProject
Project("{FAE04EC0-301F-11D3-BF4B-00C04F79EFBC}") = "LibraryEcom.Helper", "LibraryEcom.Helper\LibraryEcom.Helper.csproj", "{12C21ED1-0039-49C2-B12D-21D11D1583AC}"
EndProject
Project("{FAE04EC0-301F-11D3-BF4B-00C04F79EFBC}") = "LibraryEcom.Identity", "LibraryEcom.Identity\LibraryEcom.Identity.csproj", "{4B6DEAB1-DADE-4B6C-BB0D-8B83829A9380}"
EndProject
Project("{FAE04EC0-301F-11D3-BF4B-00C04F79EFBC}") = "LibraryEcom.Infrastructure", "LibraryEcom.Infrastructure\LibraryEcom.Infrastructure.csproj", "{C81EDDF3-264F-423E-BAF1-2999A981F06E}"
EndProject
Project("{FAE04EC0-301F-11D3-BF4B-00C04F79EFBC}") = "LibraryEcom.Migrators.PostgreSQL", "LibraryEcom.Migrators.PostgreSQL\LibraryEcom.Migrators.PostgreSQL.csproj", "{1F08C73A-C9D9-4F58-B3C6-9FFF09D587DF}"
EndProject
Global
	GlobalSection(SolutionConfigurationPlatforms) = preSolution
		Debug|Any CPU = Debug|Any CPU
		Release|Any CPU = Release|Any CPU
	EndGlobalSection
	GlobalSection(ProjectConfigurationPlatforms) = postSolution
		{E84E2F4C-E81E-40B7-BFC9-F197004A8C80}.Debug|Any CPU.ActiveCfg = Debug|Any CPU
		{E84E2F4C-E81E-40B7-BFC9-F197004A8C80}.Debug|Any CPU.Build.0 = Debug|Any CPU
		{E84E2F4C-E81E-40B7-BFC9-F197004A8C80}.Release|Any CPU.ActiveCfg = Release|Any CPU
		{E84E2F4C-E81E-40B7-BFC9-F197004A8C80}.Release|Any CPU.Build.0 = Release|Any CPU
		{98588F29-F510-4884-AD08-9DE92DEA06D0}.Debug|Any CPU.ActiveCfg = Debug|Any CPU
		{98588F29-F510-4884-AD08-9DE92DEA06D0}.Debug|Any CPU.Build.0 = Debug|Any CPU
		{98588F29-F510-4884-AD08-9DE92DEA06D0}.Release|Any CPU.ActiveCfg = Release|Any CPU
		{98588F29-F510-4884-AD08-9DE92DEA06D0}.Release|Any CPU.Build.0 = Release|Any CPU
		{23977870-DE44-40A8-88D7-34E351C56F53}.Debug|Any CPU.ActiveCfg = Debug|Any CPU
		{23977870-DE44-40A8-88D7-34E351C56F53}.Debug|Any CPU.Build.0 = Debug|Any CPU
		{23977870-DE44-40A8-88D7-34E351C56F53}.Release|Any CPU.ActiveCfg = Release|Any CPU
		{23977870-DE44-40A8-88D7-34E351C56F53}.Release|Any CPU.Build.0 = Release|Any CPU
		{12C21ED1-0039-49C2-B12D-21D11D1583AC}.Debug|Any CPU.ActiveCfg = Debug|Any CPU
		{12C21ED1-0039-49C2-B12D-21D11D1583AC}.Debug|Any CPU.Build.0 = Debug|Any CPU
		{12C21ED1-0039-49C2-B12D-21D11D1583AC}.Release|Any CPU.ActiveCfg = Release|Any CPU
		{12C21ED1-0039-49C2-B12D-21D11D1583AC}.Release|Any CPU.Build.0 = Release|Any CPU
		{4B6DEAB1-DADE-4B6C-BB0D-8B83829A9380}.Debug|Any CPU.ActiveCfg = Debug|Any CPU
		{4B6DEAB1-DADE-4B6C-BB0D-8B83829A9380}.Debug|Any CPU.Build.0 = Debug|Any CPU
		{4B6DEAB1-DADE-4B6C-BB0D-8B83829A9380}.Release|Any CPU.ActiveCfg = Release|Any CPU
		{4B6DEAB1-DADE-4B6C-BB0D-8B83829A9380}.Release|Any CPU.Build.0 = Release|Any CPU
		{C81EDDF3-264F-423E-BAF1-2999A981F06E}.Debug|Any CPU.ActiveCfg = Debug|Any CPU
		{C81EDDF3-264F-423E-BAF1-2999A981F06E}.Debug|Any CPU.Build.0 = Debug|Any CPU
		{C81EDDF3-264F-423E-BAF1-2999A981F06E}.Release|Any CPU.ActiveCfg = Release|Any CPU
		{C81EDDF3-264F-423E-BAF1-2999A981F06E}.Release|Any CPU.Build.0 = Release|Any CPU
		{1F08C73A-C9D9-4F58-B3C6-9FFF09D587DF}.Debug|Any CPU.ActiveCfg = Debug|Any CPU
		{1F08C73A-C9D9-4F58-B3C6-9FFF09D587DF}.Debug|Any CPU.Build.0 = Debug|Any CPU
		{1F08C73A-C9D9-4F58-B3C6-9FFF09D587DF}.Release|Any CPU.ActiveCfg = Release|Any CPU
		{1F08C73A-C9D9-4F58-B3C6-9FFF09D587DF}.Release|Any CPU.Build.0 = Release|Any CPU
	EndGlobalSection
	GlobalSection(NestedProjects) = preSolution
		{ED28BBE4-DC71-4A76-B416-17D5C553ECDC} = {A992957A-79B0-4E3C-982D-2B922C01E22C}
		{E84E2F4C-E81E-40B7-BFC9-F197004A8C80} = {ED28BBE4-DC71-4A76-B416-17D5C553ECDC}
		{FDA9ACE9-9313-4328-A20A-42699802008F} = {A992957A-79B0-4E3C-982D-2B922C01E22C}
		{A2A492A0-D519-460D-992F-ECF177B36323} = {A992957A-79B0-4E3C-982D-2B922C01E22C}
		{F30E57ED-AC77-414D-98FF-9E06B212B9FB} = {A992957A-79B0-4E3C-982D-2B922C01E22C}
		{98588F29-F510-4884-AD08-9DE92DEA06D0} = {FDA9ACE9-9313-4328-A20A-42699802008F}
		{23977870-DE44-40A8-88D7-34E351C56F53} = {FDA9ACE9-9313-4328-A20A-42699802008F}
		{12C21ED1-0039-49C2-B12D-21D11D1583AC} = {F30E57ED-AC77-414D-98FF-9E06B212B9FB}
		{4B6DEAB1-DADE-4B6C-BB0D-8B83829A9380} = {F30E57ED-AC77-414D-98FF-9E06B212B9FB}
		{C81EDDF3-264F-423E-BAF1-2999A981F06E} = {F30E57ED-AC77-414D-98FF-9E06B212B9FB}
		{1F08C73A-C9D9-4F58-B3C6-9FFF09D587DF} = {A2A492A0-D519-460D-992F-ECF177B36323}
	EndGlobalSection
EndGlobal
